// !$*UTF8*$!
{
	archiveVersion = 1;
	classes = {
	};
	objectVersion = 50;
	objects = {

/* Begin PBXBuildFile section */
		EA228F3321FEC50100402012 /* SettingsBusinessRules.swift in Sources */ = {isa = PBXBuildFile; fileRef = EA228F3221FEC50100402012 /* SettingsBusinessRules.swift */; };
		EAA2193621FAF50800E125A1 /* ColorsViewController.swift in Sources */ = {isa = PBXBuildFile; fileRef = EAA2193521FAF50800E125A1 /* ColorsViewController.swift */; };
		EAAF3C1E21EF081400159A31 /* ObjectOnMap.swift in Sources */ = {isa = PBXBuildFile; fileRef = EAAF3C1D21EF081400159A31 /* ObjectOnMap.swift */; };
		EAAF3C2021EF0B6500159A31 /* ObjectsOnMapView.swift in Sources */ = {isa = PBXBuildFile; fileRef = EAAF3C1F21EF0B6500159A31 /* ObjectsOnMapView.swift */; };
		EAAF3C2321F3697400159A31 /* DropDownView.swift in Sources */ = {isa = PBXBuildFile; fileRef = EAAF3C2221F3697400159A31 /* DropDownView.swift */; };
		EAB8D77521DBA41B00550E13 /* CommonBusinessRules.swift in Sources */ = {isa = PBXBuildFile; fileRef = EAB8D77421DBA41B00550E13 /* CommonBusinessRules.swift */; };
		EAB8D77821DCD6B400550E13 /* RoutesTableViewController.swift in Sources */ = {isa = PBXBuildFile; fileRef = EAB8D77721DCD6B400550E13 /* RoutesTableViewController.swift */; };
		EAB8D77B21DCDF9900550E13 /* RouteViewController.swift in Sources */ = {isa = PBXBuildFile; fileRef = EAB8D77A21DCDF9900550E13 /* RouteViewController.swift */; };
		EAB8D77D21DCE18300550E13 /* ObjectBusinessRules.swift in Sources */ = {isa = PBXBuildFile; fileRef = EAB8D77C21DCE18300550E13 /* ObjectBusinessRules.swift */; };
		EAB8D77F21DDCAD800550E13 /* RouteBusinessRules.swift in Sources */ = {isa = PBXBuildFile; fileRef = EAB8D77E21DDCAD800550E13 /* RouteBusinessRules.swift */; };
		EAB8D78221DF2DC300550E13 /* PointsTableViewController.swift in Sources */ = {isa = PBXBuildFile; fileRef = EAB8D78121DF2DC300550E13 /* PointsTableViewController.swift */; };
		EAB8D78421DF44BD00550E13 /* PointViewController.swift in Sources */ = {isa = PBXBuildFile; fileRef = EAB8D78321DF44BD00550E13 /* PointViewController.swift */; };
		EAC1B87721DB44F80029A44C /* AppDelegate.swift in Sources */ = {isa = PBXBuildFile; fileRef = EAC1B87621DB44F80029A44C /* AppDelegate.swift */; };
		EAC1B87C21DB44F80029A44C /* Main.storyboard in Resources */ = {isa = PBXBuildFile; fileRef = EAC1B87A21DB44F80029A44C /* Main.storyboard */; };
		EAC1B87F21DB44F80029A44C /* Steps.xcdatamodeld in Sources */ = {isa = PBXBuildFile; fileRef = EAC1B87D21DB44F80029A44C /* Steps.xcdatamodeld */; };
		EAC1B88121DB44FA0029A44C /* Assets.xcassets in Resources */ = {isa = PBXBuildFile; fileRef = EAC1B88021DB44FA0029A44C /* Assets.xcassets */; };
		EAC1B88421DB44FA0029A44C /* LaunchScreen.storyboard in Resources */ = {isa = PBXBuildFile; fileRef = EAC1B88221DB44FA0029A44C /* LaunchScreen.storyboard */; };
		EAC1B88C21DB61010029A44C /* ObjectsTableViewController.swift in Sources */ = {isa = PBXBuildFile; fileRef = EAC1B88B21DB61010029A44C /* ObjectsTableViewController.swift */; };
		EAC1B88E21DB62710029A44C /* ObjectViewController.swift in Sources */ = {isa = PBXBuildFile; fileRef = EAC1B88D21DB62710029A44C /* ObjectViewController.swift */; };
		EAF866EA21DFBDF200779DC8 /* SplitViewController.swift in Sources */ = {isa = PBXBuildFile; fileRef = EAF866E921DFBDF100779DC8 /* SplitViewController.swift */; };
		EAF866EC21E0962F00779DC8 /* PointBusinessRules.swift in Sources */ = {isa = PBXBuildFile; fileRef = EAF866EB21E0962F00779DC8 /* PointBusinessRules.swift */; };
		EAF866EE21E203CE00779DC8 /* SettingsTableViewController.swift in Sources */ = {isa = PBXBuildFile; fileRef = EAF866ED21E203CD00779DC8 /* SettingsTableViewController.swift */; };
		EAF866F021E2186000779DC8 /* HighlightingTabBarController.swift in Sources */ = {isa = PBXBuildFile; fileRef = EAF866EF21E2186000779DC8 /* HighlightingTabBarController.swift */; };
		EAF866F221E2229200779DC8 /* MovementViewController.swift in Sources */ = {isa = PBXBuildFile; fileRef = EAF866F121E2229200779DC8 /* MovementViewController.swift */; };
		EAF866F421E3543700779DC8 /* ObjectsPopoverViewController.swift in Sources */ = {isa = PBXBuildFile; fileRef = EAF866F321E3543700779DC8 /* ObjectsPopoverViewController.swift */; };
/* End PBXBuildFile section */

/* Begin PBXFileReference section */
		EA228F3221FEC50100402012 /* SettingsBusinessRules.swift */ = {isa = PBXFileReference; lastKnownFileType = sourcecode.swift; path = SettingsBusinessRules.swift; sourceTree = "<group>"; };
		EAA2193521FAF50800E125A1 /* ColorsViewController.swift */ = {isa = PBXFileReference; lastKnownFileType = sourcecode.swift; path = ColorsViewController.swift; sourceTree = "<group>"; };
		EAAF3C1D21EF081400159A31 /* ObjectOnMap.swift */ = {isa = PBXFileReference; lastKnownFileType = sourcecode.swift; path = ObjectOnMap.swift; sourceTree = "<group>"; };
		EAAF3C1F21EF0B6500159A31 /* ObjectsOnMapView.swift */ = {isa = PBXFileReference; lastKnownFileType = sourcecode.swift; path = ObjectsOnMapView.swift; sourceTree = "<group>"; };
		EAAF3C2221F3697400159A31 /* DropDownView.swift */ = {isa = PBXFileReference; lastKnownFileType = sourcecode.swift; path = DropDownView.swift; sourceTree = "<group>"; };
		EAB8D77421DBA41B00550E13 /* CommonBusinessRules.swift */ = {isa = PBXFileReference; lastKnownFileType = sourcecode.swift; path = CommonBusinessRules.swift; sourceTree = "<group>"; };
		EAB8D77721DCD6B400550E13 /* RoutesTableViewController.swift */ = {isa = PBXFileReference; lastKnownFileType = sourcecode.swift; path = RoutesTableViewController.swift; sourceTree = "<group>"; };
		EAB8D77A21DCDF9900550E13 /* RouteViewController.swift */ = {isa = PBXFileReference; lastKnownFileType = sourcecode.swift; path = RouteViewController.swift; sourceTree = "<group>"; };
		EAB8D77C21DCE18300550E13 /* ObjectBusinessRules.swift */ = {isa = PBXFileReference; lastKnownFileType = sourcecode.swift; path = ObjectBusinessRules.swift; sourceTree = "<group>"; };
		EAB8D77E21DDCAD800550E13 /* RouteBusinessRules.swift */ = {isa = PBXFileReference; lastKnownFileType = sourcecode.swift; path = RouteBusinessRules.swift; sourceTree = "<group>"; };
		EAB8D78121DF2DC300550E13 /* PointsTableViewController.swift */ = {isa = PBXFileReference; lastKnownFileType = sourcecode.swift; path = PointsTableViewController.swift; sourceTree = "<group>"; };
		EAB8D78321DF44BD00550E13 /* PointViewController.swift */ = {isa = PBXFileReference; lastKnownFileType = sourcecode.swift; path = PointViewController.swift; sourceTree = "<group>"; };
		EAC1B87321DB44F80029A44C /* Steps.app */ = {isa = PBXFileReference; explicitFileType = wrapper.application; includeInIndex = 0; path = Steps.app; sourceTree = BUILT_PRODUCTS_DIR; };
		EAC1B87621DB44F80029A44C /* AppDelegate.swift */ = {isa = PBXFileReference; lastKnownFileType = sourcecode.swift; path = AppDelegate.swift; sourceTree = "<group>"; };
		EAC1B87B21DB44F80029A44C /* Base */ = {isa = PBXFileReference; lastKnownFileType = file.storyboard; name = Base; path = Base.lproj/Main.storyboard; sourceTree = "<group>"; };
		EAC1B87E21DB44F80029A44C /* Steps.xcdatamodel */ = {isa = PBXFileReference; lastKnownFileType = wrapper.xcdatamodel; path = Steps.xcdatamodel; sourceTree = "<group>"; };
		EAC1B88021DB44FA0029A44C /* Assets.xcassets */ = {isa = PBXFileReference; lastKnownFileType = folder.assetcatalog; path = Assets.xcassets; sourceTree = "<group>"; };
		EAC1B88321DB44FA0029A44C /* Base */ = {isa = PBXFileReference; lastKnownFileType = file.storyboard; name = Base; path = Base.lproj/LaunchScreen.storyboard; sourceTree = "<group>"; };
		EAC1B88521DB44FA0029A44C /* Info.plist */ = {isa = PBXFileReference; lastKnownFileType = text.plist.xml; path = Info.plist; sourceTree = "<group>"; };
		EAC1B88B21DB61010029A44C /* ObjectsTableViewController.swift */ = {isa = PBXFileReference; lastKnownFileType = sourcecode.swift; path = ObjectsTableViewController.swift; sourceTree = "<group>"; };
		EAC1B88D21DB62710029A44C /* ObjectViewController.swift */ = {isa = PBXFileReference; lastKnownFileType = sourcecode.swift; path = ObjectViewController.swift; sourceTree = "<group>"; };
		EAF866E921DFBDF100779DC8 /* SplitViewController.swift */ = {isa = PBXFileReference; lastKnownFileType = sourcecode.swift; path = SplitViewController.swift; sourceTree = "<group>"; };
		EAF866EB21E0962F00779DC8 /* PointBusinessRules.swift */ = {isa = PBXFileReference; lastKnownFileType = sourcecode.swift; path = PointBusinessRules.swift; sourceTree = "<group>"; };
		EAF866ED21E203CD00779DC8 /* SettingsTableViewController.swift */ = {isa = PBXFileReference; lastKnownFileType = sourcecode.swift; path = SettingsTableViewController.swift; sourceTree = "<group>"; };
		EAF866EF21E2186000779DC8 /* HighlightingTabBarController.swift */ = {isa = PBXFileReference; fileEncoding = 4; lastKnownFileType = sourcecode.swift; path = HighlightingTabBarController.swift; sourceTree = "<group>"; };
		EAF866F121E2229200779DC8 /* MovementViewController.swift */ = {isa = PBXFileReference; lastKnownFileType = sourcecode.swift; path = MovementViewController.swift; sourceTree = "<group>"; };
		EAF866F321E3543700779DC8 /* ObjectsPopoverViewController.swift */ = {isa = PBXFileReference; lastKnownFileType = sourcecode.swift; path = ObjectsPopoverViewController.swift; sourceTree = "<group>"; };
/* End PBXFileReference section */

/* Begin PBXFrameworksBuildPhase section */
		EAC1B87021DB44F80029A44C /* Frameworks */ = {
			isa = PBXFrameworksBuildPhase;
			buildActionMask = 2147483647;
			files = (
			);
			runOnlyForDeploymentPostprocessing = 0;
		};
/* End PBXFrameworksBuildPhase section */

/* Begin PBXGroup section */
		EAA2193721FAF5F300E125A1 /* Settings */ = {
			isa = PBXGroup;
			children = (
				EAA2193521FAF50800E125A1 /* ColorsViewController.swift */,
				EAF866ED21E203CD00779DC8 /* SettingsTableViewController.swift */,
				EA228F3221FEC50100402012 /* SettingsBusinessRules.swift */,
			);
			path = Settings;
			sourceTree = "<group>";
		};
		EAAF3C2121EF30B300159A31 /* Movement */ = {
			isa = PBXGroup;
			children = (
				EAAF3C1D21EF081400159A31 /* ObjectOnMap.swift */,
				EAAF3C1F21EF0B6500159A31 /* ObjectsOnMapView.swift */,
				EAF866F121E2229200779DC8 /* MovementViewController.swift */,
			);
			path = Movement;
			sourceTree = "<group>";
		};
		EAB8D77621DCB94300550E13 /* Objects */ = {
			isa = PBXGroup;
			children = (
				EAC1B88D21DB62710029A44C /* ObjectViewController.swift */,
				EAC1B88B21DB61010029A44C /* ObjectsTableViewController.swift */,
				EAB8D77C21DCE18300550E13 /* ObjectBusinessRules.swift */,
				EAF866F321E3543700779DC8 /* ObjectsPopoverViewController.swift */,
			);
			path = Objects;
			sourceTree = "<group>";
		};
		EAB8D77921DCD6CA00550E13 /* Routes */ = {
			isa = PBXGroup;
			children = (
				EAB8D77721DCD6B400550E13 /* RoutesTableViewController.swift */,
				EAB8D77A21DCDF9900550E13 /* RouteViewController.swift */,
				EAB8D77E21DDCAD800550E13 /* RouteBusinessRules.swift */,
			);
			path = Routes;
			sourceTree = "<group>";
		};
		EAB8D78021DF2D9500550E13 /* Points */ = {
			isa = PBXGroup;
			children = (
				EAB8D78121DF2DC300550E13 /* PointsTableViewController.swift */,
				EAB8D78321DF44BD00550E13 /* PointViewController.swift */,
				EAF866EB21E0962F00779DC8 /* PointBusinessRules.swift */,
			);
			path = Points;
			sourceTree = "<group>";
		};
		EAC1B86A21DB44F80029A44C = {
			isa = PBXGroup;
			children = (
				EAC1B87521DB44F80029A44C /* Steps */,
				EAC1B87421DB44F80029A44C /* Products */,
			);
			sourceTree = "<group>";
		};
		EAC1B87421DB44F80029A44C /* Products */ = {
			isa = PBXGroup;
			children = (
				EAC1B87321DB44F80029A44C /* Steps.app */,
			);
			name = Products;
			sourceTree = "<group>";
		};
		EAC1B87521DB44F80029A44C /* Steps */ = {
			isa = PBXGroup;
			children = (
				EAA2193721FAF5F300E125A1 /* Settings */,
				EAAF3C2121EF30B300159A31 /* Movement */,
				EAB8D78021DF2D9500550E13 /* Points */,
				EAB8D77921DCD6CA00550E13 /* Routes */,
				EAB8D77621DCB94300550E13 /* Objects */,
				EAC1B87621DB44F80029A44C /* AppDelegate.swift */,
				EAF866EF21E2186000779DC8 /* HighlightingTabBarController.swift */,
				EAC1B87A21DB44F80029A44C /* Main.storyboard */,
				EAF866E921DFBDF100779DC8 /* SplitViewController.swift */,
				EAC1B88021DB44FA0029A44C /* Assets.xcassets */,
				EAC1B88221DB44FA0029A44C /* LaunchScreen.storyboard */,
				EAC1B88521DB44FA0029A44C /* Info.plist */,
				EAC1B87D21DB44F80029A44C /* Steps.xcdatamodeld */,
				EAB8D77421DBA41B00550E13 /* CommonBusinessRules.swift */,
				EAAF3C2221F3697400159A31 /* DropDownView.swift */,
			);
			path = Steps;
			sourceTree = "<group>";
		};
/* End PBXGroup section */

/* Begin PBXNativeTarget section */
		EAC1B87221DB44F80029A44C /* Steps */ = {
			isa = PBXNativeTarget;
			buildConfigurationList = EAC1B88821DB44FA0029A44C /* Build configuration list for PBXNativeTarget "Steps" */;
			buildPhases = (
				EAC1B86F21DB44F80029A44C /* Sources */,
				EAC1B87021DB44F80029A44C /* Frameworks */,
				EAC1B87121DB44F80029A44C /* Resources */,
			);
			buildRules = (
			);
			dependencies = (
			);
			name = Steps;
			productName = Steps;
			productReference = EAC1B87321DB44F80029A44C /* Steps.app */;
			productType = "com.apple.product-type.application";
		};
/* End PBXNativeTarget section */

/* Begin PBXProject section */
		EAC1B86B21DB44F80029A44C /* Project object */ = {
			isa = PBXProject;
			attributes = {
				LastSwiftUpdateCheck = 1010;
				LastUpgradeCheck = 1010;
				ORGANIZATIONNAME = "Винокуров И.В.";
				TargetAttributes = {
					EAC1B87221DB44F80029A44C = {
						CreatedOnToolsVersion = 10.1;
					};
				};
			};
			buildConfigurationList = EAC1B86E21DB44F80029A44C /* Build configuration list for PBXProject "Steps" */;
			compatibilityVersion = "Xcode 9.3";
			developmentRegion = en;
			hasScannedForEncodings = 0;
			knownRegions = (
				en,
				Base,
			);
			mainGroup = EAC1B86A21DB44F80029A44C;
			productRefGroup = EAC1B87421DB44F80029A44C /* Products */;
			projectDirPath = "";
			projectRoot = "";
			targets = (
				EAC1B87221DB44F80029A44C /* Steps */,
			);
		};
/* End PBXProject section */

/* Begin PBXResourcesBuildPhase section */
		EAC1B87121DB44F80029A44C /* Resources */ = {
			isa = PBXResourcesBuildPhase;
			buildActionMask = 2147483647;
			files = (
				EAC1B88421DB44FA0029A44C /* LaunchScreen.storyboard in Resources */,
				EAC1B88121DB44FA0029A44C /* Assets.xcassets in Resources */,
				EAC1B87C21DB44F80029A44C /* Main.storyboard in Resources */,
			);
			runOnlyForDeploymentPostprocessing = 0;
		};
/* End PBXResourcesBuildPhase section */

/* Begin PBXSourcesBuildPhase section */
		EAC1B86F21DB44F80029A44C /* Sources */ = {
			isa = PBXSourcesBuildPhase;
			buildActionMask = 2147483647;
			files = (
				EAB8D77521DBA41B00550E13 /* CommonBusinessRules.swift in Sources */,
				EAAF3C2321F3697400159A31 /* DropDownView.swift in Sources */,
				EAF866F221E2229200779DC8 /* MovementViewController.swift in Sources */,
				EAB8D77F21DDCAD800550E13 /* RouteBusinessRules.swift in Sources */,
				EAB8D77B21DCDF9900550E13 /* RouteViewController.swift in Sources */,
				EAF866EC21E0962F00779DC8 /* PointBusinessRules.swift in Sources */,
				EAB8D77D21DCE18300550E13 /* ObjectBusinessRules.swift in Sources */,
				EAA2193621FAF50800E125A1 /* ColorsViewController.swift in Sources */,
				EAC1B88C21DB61010029A44C /* ObjectsTableViewController.swift in Sources */,
				EAF866EE21E203CE00779DC8 /* SettingsTableViewController.swift in Sources */,
				EAAF3C2021EF0B6500159A31 /* ObjectsOnMapView.swift in Sources */,
				EAF866F421E3543700779DC8 /* ObjectsPopoverViewController.swift in Sources */,
				EA228F3321FEC50100402012 /* SettingsBusinessRules.swift in Sources */,
				EAB8D78421DF44BD00550E13 /* PointViewController.swift in Sources */,
				EAC1B88E21DB62710029A44C /* ObjectViewController.swift in Sources */,
				EAC1B87721DB44F80029A44C /* AppDelegate.swift in Sources */,
				EAC1B87F21DB44F80029A44C /* Steps.xcdatamodeld in Sources */,
				EAB8D78221DF2DC300550E13 /* PointsTableViewController.swift in Sources */,
				EAAF3C1E21EF081400159A31 /* ObjectOnMap.swift in Sources */,
				EAB8D77821DCD6B400550E13 /* RoutesTableViewController.swift in Sources */,
				EAF866EA21DFBDF200779DC8 /* SplitViewController.swift in Sources */,
				EAF866F021E2186000779DC8 /* HighlightingTabBarController.swift in Sources */,
			);
			runOnlyForDeploymentPostprocessing = 0;
		};
/* End PBXSourcesBuildPhase section */

/* Begin PBXVariantGroup section */
		EAC1B87A21DB44F80029A44C /* Main.storyboard */ = {
			isa = PBXVariantGroup;
			children = (
				EAC1B87B21DB44F80029A44C /* Base */,
			);
			name = Main.storyboard;
			sourceTree = "<group>";
		};
		EAC1B88221DB44FA0029A44C /* LaunchScreen.storyboard */ = {
			isa = PBXVariantGroup;
			children = (
				EAC1B88321DB44FA0029A44C /* Base */,
			);
			name = LaunchScreen.storyboard;
			sourceTree = "<group>";
		};
/* End PBXVariantGroup section */

/* Begin XCBuildConfiguration section */
		EAC1B88621DB44FA0029A44C /* Debug */ = {
			isa = XCBuildConfiguration;
			buildSettings = {
				ALWAYS_SEARCH_USER_PATHS = NO;
				CLANG_ANALYZER_NONNULL = YES;
				CLANG_ANALYZER_NUMBER_OBJECT_CONVERSION = YES_AGGRESSIVE;
				CLANG_CXX_LANGUAGE_STANDARD = "gnu++14";
				CLANG_CXX_LIBRARY = "libc++";
				CLANG_ENABLE_MODULES = YES;
				CLANG_ENABLE_OBJC_ARC = YES;
				CLANG_ENABLE_OBJC_WEAK = YES;
				CLANG_WARN_BLOCK_CAPTURE_AUTORELEASING = YES;
				CLANG_WARN_BOOL_CONVERSION = YES;
				CLANG_WARN_COMMA = YES;
				CLANG_WARN_CONSTANT_CONVERSION = YES;
				CLANG_WARN_DEPRECATED_OBJC_IMPLEMENTATIONS = YES;
				CLANG_WARN_DIRECT_OBJC_ISA_USAGE = YES_ERROR;
				CLANG_WARN_DOCUMENTATION_COMMENTS = YES;
				CLANG_WARN_EMPTY_BODY = YES;
				CLANG_WARN_ENUM_CONVERSION = YES;
				CLANG_WARN_INFINITE_RECURSION = YES;
				CLANG_WARN_INT_CONVERSION = YES;
				CLANG_WARN_NON_LITERAL_NULL_CONVERSION = YES;
				CLANG_WARN_OBJC_IMPLICIT_RETAIN_SELF = YES;
				CLANG_WARN_OBJC_LITERAL_CONVERSION = YES;
				CLANG_WARN_OBJC_ROOT_CLASS = YES_ERROR;
				CLANG_WARN_RANGE_LOOP_ANALYSIS = YES;
				CLANG_WARN_STRICT_PROTOTYPES = YES;
				CLANG_WARN_SUSPICIOUS_MOVE = YES;
				CLANG_WARN_UNGUARDED_AVAILABILITY = YES_AGGRESSIVE;
				CLANG_WARN_UNREACHABLE_CODE = YES;
				CLANG_WARN__DUPLICATE_METHOD_MATCH = YES;
				CODE_SIGN_IDENTITY = "iPhone Developer";
				COPY_PHASE_STRIP = NO;
				DEBUG_INFORMATION_FORMAT = dwarf;
				ENABLE_STRICT_OBJC_MSGSEND = YES;
				ENABLE_TESTABILITY = YES;
				GCC_C_LANGUAGE_STANDARD = gnu11;
				GCC_DYNAMIC_NO_PIC = NO;
				GCC_NO_COMMON_BLOCKS = YES;
				GCC_OPTIMIZATION_LEVEL = 0;
				GCC_PREPROCESSOR_DEFINITIONS = (
					"DEBUG=1",
					"$(inherited)",
				);
				GCC_WARN_64_TO_32_BIT_CONVERSION = YES;
				GCC_WARN_ABOUT_RETURN_TYPE = YES_ERROR;
				GCC_WARN_UNDECLARED_SELECTOR = YES;
				GCC_WARN_UNINITIALIZED_AUTOS = YES_AGGRESSIVE;
				GCC_WARN_UNUSED_FUNCTION = YES;
				GCC_WARN_UNUSED_VARIABLE = YES;
				IPHONEOS_DEPLOYMENT_TARGET = 12.1;
				MTL_ENABLE_DEBUG_INFO = INCLUDE_SOURCE;
				MTL_FAST_MATH = YES;
				ONLY_ACTIVE_ARCH = YES;
				SDKROOT = iphoneos;
				SWIFT_ACTIVE_COMPILATION_CONDITIONS = DEBUG;
				SWIFT_OPTIMIZATION_LEVEL = "-Onone";
			};
			name = Debug;
		};
		EAC1B88721DB44FA0029A44C /* Release */ = {
			isa = XCBuildConfiguration;
			buildSettings = {
				ALWAYS_SEARCH_USER_PATHS = NO;
				CLANG_ANALYZER_NONNULL = YES;
				CLANG_ANALYZER_NUMBER_OBJECT_CONVERSION = YES_AGGRESSIVE;
				CLANG_CXX_LANGUAGE_STANDARD = "gnu++14";
				CLANG_CXX_LIBRARY = "libc++";
				CLANG_ENABLE_MODULES = YES;
				CLANG_ENABLE_OBJC_ARC = YES;
				CLANG_ENABLE_OBJC_WEAK = YES;
				CLANG_WARN_BLOCK_CAPTURE_AUTORELEASING = YES;
				CLANG_WARN_BOOL_CONVERSION = YES;
				CLANG_WARN_COMMA = YES;
				CLANG_WARN_CONSTANT_CONVERSION = YES;
				CLANG_WARN_DEPRECATED_OBJC_IMPLEMENTATIONS = YES;
				CLANG_WARN_DIRECT_OBJC_ISA_USAGE = YES_ERROR;
				CLANG_WARN_DOCUMENTATION_COMMENTS = YES;
				CLANG_WARN_EMPTY_BODY = YES;
				CLANG_WARN_ENUM_CONVERSION = YES;
				CLANG_WARN_INFINITE_RECURSION = YES;
				CLANG_WARN_INT_CONVERSION = YES;
				CLANG_WARN_NON_LITERAL_NULL_CONVERSION = YES;
				CLANG_WARN_OBJC_IMPLICIT_RETAIN_SELF = YES;
				CLANG_WARN_OBJC_LITERAL_CONVERSION = YES;
				CLANG_WARN_OBJC_ROOT_CLASS = YES_ERROR;
				CLANG_WARN_RANGE_LOOP_ANALYSIS = YES;
				CLANG_WARN_STRICT_PROTOTYPES = YES;
				CLANG_WARN_SUSPICIOUS_MOVE = YES;
				CLANG_WARN_UNGUARDED_AVAILABILITY = YES_AGGRESSIVE;
				CLANG_WARN_UNREACHABLE_CODE = YES;
				CLANG_WARN__DUPLICATE_METHOD_MATCH = YES;
				CODE_SIGN_IDENTITY = "iPhone Developer";
				COPY_PHASE_STRIP = NO;
				DEBUG_INFORMATION_FORMAT = "dwarf-with-dsym";
				ENABLE_NS_ASSERTIONS = NO;
				ENABLE_STRICT_OBJC_MSGSEND = YES;
				GCC_C_LANGUAGE_STANDARD = gnu11;
				GCC_NO_COMMON_BLOCKS = YES;
				GCC_WARN_64_TO_32_BIT_CONVERSION = YES;
				GCC_WARN_ABOUT_RETURN_TYPE = YES_ERROR;
				GCC_WARN_UNDECLARED_SELECTOR = YES;
				GCC_WARN_UNINITIALIZED_AUTOS = YES_AGGRESSIVE;
				GCC_WARN_UNUSED_FUNCTION = YES;
				GCC_WARN_UNUSED_VARIABLE = YES;
				IPHONEOS_DEPLOYMENT_TARGET = 12.1;
				MTL_ENABLE_DEBUG_INFO = NO;
				MTL_FAST_MATH = YES;
				SDKROOT = iphoneos;
				SWIFT_COMPILATION_MODE = wholemodule;
				SWIFT_OPTIMIZATION_LEVEL = "-O";
				VALIDATE_PRODUCT = YES;
			};
			name = Release;
		};
		EAC1B88921DB44FA0029A44C /* Debug */ = {
			isa = XCBuildConfiguration;
			buildSettings = {
				ASSETCATALOG_COMPILER_APPICON_NAME = AppIcon;
				CODE_SIGN_STYLE = Automatic;
				DEVELOPMENT_TEAM = S985RTT2A7;
				INFOPLIST_FILE = Steps/Info.plist;
				IPHONEOS_DEPLOYMENT_TARGET = 12.0;
				LD_RUNPATH_SEARCH_PATHS = (
					"$(inherited)",
					"@executable_path/Frameworks",
				);
				PRODUCT_BUNDLE_IDENTIFIER = vinokurov.igor.victorovitch.Steps;
				PRODUCT_NAME = "$(TARGET_NAME)";
				SWIFT_VERSION = 4.2;
				TARGETED_DEVICE_FAMILY = "1,2";
			};
			name = Debug;
		};
		EAC1B88A21DB44FA0029A44C /* Release */ = {
			isa = XCBuildConfiguration;
			buildSettings = {
				ASSETCATALOG_COMPILER_APPICON_NAME = AppIcon;
				CODE_SIGN_STYLE = Automatic;
				DEVELOPMENT_TEAM = S985RTT2A7;
				INFOPLIST_FILE = Steps/Info.plist;
				IPHONEOS_DEPLOYMENT_TARGET = 12.0;
				LD_RUNPATH_SEARCH_PATHS = (
					"$(inherited)",
					"@executable_path/Frameworks",
				);
				PRODUCT_BUNDLE_IDENTIFIER = vinokurov.igor.victorovitch.Steps;
				PRODUCT_NAME = "$(TARGET_NAME)";
				SWIFT_VERSION = 4.2;
				TARGETED_DEVICE_FAMILY = "1,2";
			};
			name = Release;
		};
/* End XCBuildConfiguration section */

/* Begin XCConfigurationList section */
		EAC1B86E21DB44F80029A44C /* Build configuration list for PBXProject "Steps" */ = {
			isa = XCConfigurationList;
			buildConfigurations = (
				EAC1B88621DB44FA0029A44C /* Debug */,
				EAC1B88721DB44FA0029A44C /* Release */,
			);
			defaultConfigurationIsVisible = 0;
			defaultConfigurationName = Release;
		};
		EAC1B88821DB44FA0029A44C /* Build configuration list for PBXNativeTarget "Steps" */ = {
			isa = XCConfigurationList;
			buildConfigurations = (
				EAC1B88921DB44FA0029A44C /* Debug */,
				EAC1B88A21DB44FA0029A44C /* Release */,
			);
			defaultConfigurationIsVisible = 0;
			defaultConfigurationName = Release;
		};
/* End XCConfigurationList section */

/* Begin XCVersionGroup section */
		EAC1B87D21DB44F80029A44C /* Steps.xcdatamodeld */ = {
			isa = XCVersionGroup;
			children = (
				EAC1B87E21DB44F80029A44C /* Steps.xcdatamodel */,
			);
			currentVersion = EAC1B87E21DB44F80029A44C /* Steps.xcdatamodel */;
			path = Steps.xcdatamodeld;
			sourceTree = "<group>";
			versionGroupType = wrapper.xcdatamodel;
		};
/* End XCVersionGroup section */
	};
	rootObject = EAC1B86B21DB44F80029A44C /* Project object */;
}
